
Microsoft Visual Studio Solution File, Format Version 12.00
# Visual Studio Version 16
VisualStudioVersion = 16.0.30011.22
MinimumVisualStudioVersion = 10.0.40219.1
Project("{FAE04EC0-301F-11D3-BF4B-00C04F79EFBC}") = "MS.Persona.API", "MS.Persona.API.csproj", "{87084ACE-22C7-4038-A3E3-CBB57BBB14DF}"
EndProject
Project("{FAE04EC0-301F-11D3-BF4B-00C04F79EFBC}") = "MS.Persona.Application", "..\MS.Persona.Application\MS.Persona.Application.csproj", "{3CB9C1CE-39C1-40D2-999A-D2E482819720}"
EndProject
Project("{FAE04EC0-301F-11D3-BF4B-00C04F79EFBC}") = "MS.Persona.Domain", "..\MS.Persona.Domain\MS.Persona.Domain.csproj", "{8AEF482C-A83E-4300-A923-BDD46E90BBC7}"
EndProject
Project("{FAE04EC0-301F-11D3-BF4B-00C04F79EFBC}") = "MS.Persona.AccessData", "..\MS.Persona.AccessData\MS.Persona.AccessData.csproj", "{6FEAC496-883A-4230-80E4-E06EB6C019D9}"
EndProject
Global
	GlobalSection(SolutionConfigurationPlatforms) = preSolution
		Debug|Any CPU = Debug|Any CPU
		Release|Any CPU = Release|Any CPU
	EndGlobalSection
	GlobalSection(ProjectConfigurationPlatforms) = postSolution
		{87084ACE-22C7-4038-A3E3-CBB57BBB14DF}.Debug|Any CPU.ActiveCfg = Debug|Any CPU
		{87084ACE-22C7-4038-A3E3-CBB57BBB14DF}.Debug|Any CPU.Build.0 = Debug|Any CPU
		{87084ACE-22C7-4038-A3E3-CBB57BBB14DF}.Release|Any CPU.ActiveCfg = Release|Any CPU
		{87084ACE-22C7-4038-A3E3-CBB57BBB14DF}.Release|Any CPU.Build.0 = Release|Any CPU
		{3CB9C1CE-39C1-40D2-999A-D2E482819720}.Debug|Any CPU.ActiveCfg = Debug|Any CPU
		{3CB9C1CE-39C1-40D2-999A-D2E482819720}.Debug|Any CPU.Build.0 = Debug|Any CPU
		{3CB9C1CE-39C1-40D2-999A-D2E482819720}.Release|Any CPU.ActiveCfg = Release|Any CPU
		{3CB9C1CE-39C1-40D2-999A-D2E482819720}.Release|Any CPU.Build.0 = Release|Any CPU
		{8AEF482C-A83E-4300-A923-BDD46E90BBC7}.Debug|Any CPU.ActiveCfg = Debug|Any CPU
		{8AEF482C-A83E-4300-A923-BDD46E90BBC7}.Debug|Any CPU.Build.0 = Debug|Any CPU
		{8AEF482C-A83E-4300-A923-BDD46E90BBC7}.Release|Any CPU.ActiveCfg = Release|Any CPU
		{8AEF482C-A83E-4300-A923-BDD46E90BBC7}.Release|Any CPU.Build.0 = Release|Any CPU
		{6FEAC496-883A-4230-80E4-E06EB6C019D9}.Debug|Any CPU.ActiveCfg = Debug|Any CPU
		{6FEAC496-883A-4230-80E4-E06EB6C019D9}.Debug|Any CPU.Build.0 = Debug|Any CPU
		{6FEAC496-883A-4230-80E4-E06EB6C019D9}.Release|Any CPU.ActiveCfg = Release|Any CPU
		{6FEAC496-883A-4230-80E4-E06EB6C019D9}.Release|Any CPU.Build.0 = Release|Any CPU
	EndGlobalSection
	GlobalSection(SolutionProperties) = preSolution
		HideSolutionNode = FALSE
	EndGlobalSection
	GlobalSection(ExtensibilityGlobals) = postSolution
		SolutionGuid = {76E6D9D2-9FF7-4AF9-89AE-E30FFD2AB000}
	EndGlobalSection
EndGlobal
